
Microsoft Visual Studio Solution File, Format Version 12.00
# Visual Studio Version 17
VisualStudioVersion = 17.2.32602.215
MinimumVisualStudioVersion = 10.0.40219.1
Project("{FAE04EC0-301F-11D3-BF4B-00C04F79EFBC}") = "WebView2_Example", "WebView2_Example\WebView2_Example.csproj", "{7A04D59B-2E94-4BE2-BCC9-7459CDDACDF6}"
EndProject
Global
	GlobalSection(SolutionConfigurationPlatforms) = preSolution
		Debug|Any CPU = Debug|Any CPU
		Release|Any CPU = Release|Any CPU
	EndGlobalSection
	GlobalSection(ProjectConfigurationPlatforms) = postSolution
		{7A04D59B-2E94-4BE2-BCC9-7459CDDACDF6}.Debug|Any CPU.ActiveCfg = Debug|Any CPU
		{7A04D59B-2E94-4BE2-BCC9-7459CDDACDF6}.Debug|Any CPU.Build.0 = Debug|Any CPU
		{7A04D59B-2E94-4BE2-BCC9-7459CDDACDF6}.Release|Any CPU.ActiveCfg = Release|Any CPU
		{7A04D59B-2E94-4BE2-BCC9-7459CDDACDF6}.Release|Any CPU.Build.0 = Release|Any CPU
	EndGlobalSection
	GlobalSection(SolutionProperties) = preSolution
		HideSolutionNode = FALSE
	EndGlobalSection
	GlobalSection(ExtensibilityGlobals) = postSolution
		SolutionGuid = {F042FF08-902C-4400-8CEE-0799F097E8FB}
	EndGlobalSection
EndGlobal
