
Microsoft Visual Studio Solution File, Format Version 12.00
# Visual Studio Version 16
VisualStudioVersion = 16.0.31005.135
MinimumVisualStudioVersion = 10.0.40219.1
Project("{FAE04EC0-301F-11D3-BF4B-00C04F79EFBC}") = "WPF_DateTimePicker", "WPF_DateTimePicker\WPF_DateTimePicker.csproj", "{1488D99A-AC51-4249-9757-100E4170E738}"
EndProject
Global
	GlobalSection(SolutionConfigurationPlatforms) = preSolution
		Debug|Any CPU = Debug|Any CPU
		Release|Any CPU = Release|Any CPU
	EndGlobalSection
	GlobalSection(ProjectConfigurationPlatforms) = postSolution
		{1488D99A-AC51-4249-9757-100E4170E738}.Debug|Any CPU.ActiveCfg = Debug|Any CPU
		{1488D99A-AC51-4249-9757-100E4170E738}.Debug|Any CPU.Build.0 = Debug|Any CPU
		{1488D99A-AC51-4249-9757-100E4170E738}.Release|Any CPU.ActiveCfg = Release|Any CPU
		{1488D99A-AC51-4249-9757-100E4170E738}.Release|Any CPU.Build.0 = Release|Any CPU
	EndGlobalSection
	GlobalSection(SolutionProperties) = preSolution
		HideSolutionNode = FALSE
	EndGlobalSection
	GlobalSection(ExtensibilityGlobals) = postSolution
		SolutionGuid = {8729BC12-1B0C-4D12-9655-9623995F68F0}
	EndGlobalSection
EndGlobal
