
Microsoft Visual Studio Solution File, Format Version 12.00
# Visual Studio Version 16
VisualStudioVersion = 16.0.31005.135
MinimumVisualStudioVersion = 10.0.40219.1
Project("{FAE04EC0-301F-11D3-BF4B-00C04F79EFBC}") = "zip_unzip_with_password", "zip_unzip_with_password\zip_unzip_with_password.csproj", "{DE5432D6-FB37-4D28-8D4C-D94E242ABE21}"
EndProject
Global
	GlobalSection(SolutionConfigurationPlatforms) = preSolution
		Debug|Any CPU = Debug|Any CPU
		Release|Any CPU = Release|Any CPU
	EndGlobalSection
	GlobalSection(ProjectConfigurationPlatforms) = postSolution
		{DE5432D6-FB37-4D28-8D4C-D94E242ABE21}.Debug|Any CPU.ActiveCfg = Debug|Any CPU
		{DE5432D6-FB37-4D28-8D4C-D94E242ABE21}.Debug|Any CPU.Build.0 = Debug|Any CPU
		{DE5432D6-FB37-4D28-8D4C-D94E242ABE21}.Release|Any CPU.ActiveCfg = Release|Any CPU
		{DE5432D6-FB37-4D28-8D4C-D94E242ABE21}.Release|Any CPU.Build.0 = Release|Any CPU
	EndGlobalSection
	GlobalSection(SolutionProperties) = preSolution
		HideSolutionNode = FALSE
	EndGlobalSection
	GlobalSection(ExtensibilityGlobals) = postSolution
		SolutionGuid = {F41CB7CF-6D39-4522-A210-742928B1DCBF}
	EndGlobalSection
EndGlobal
