
Microsoft Visual Studio Solution File, Format Version 12.00
# Visual Studio Version 16
VisualStudioVersion = 16.0.31005.135
MinimumVisualStudioVersion = 10.0.40219.1
Project("{FAE04EC0-301F-11D3-BF4B-00C04F79EFBC}") = "WPF_ComboBox_Converter", "WPF_ComboBox_Converter\WPF_ComboBox_Converter.csproj", "{380C18E1-C2C1-41E5-8798-FC8A11BD6FD4}"
EndProject
Global
	GlobalSection(SolutionConfigurationPlatforms) = preSolution
		Debug|Any CPU = Debug|Any CPU
		Release|Any CPU = Release|Any CPU
	EndGlobalSection
	GlobalSection(ProjectConfigurationPlatforms) = postSolution
		{380C18E1-C2C1-41E5-8798-FC8A11BD6FD4}.Debug|Any CPU.ActiveCfg = Debug|Any CPU
		{380C18E1-C2C1-41E5-8798-FC8A11BD6FD4}.Debug|Any CPU.Build.0 = Debug|Any CPU
		{380C18E1-C2C1-41E5-8798-FC8A11BD6FD4}.Release|Any CPU.ActiveCfg = Release|Any CPU
		{380C18E1-C2C1-41E5-8798-FC8A11BD6FD4}.Release|Any CPU.Build.0 = Release|Any CPU
	EndGlobalSection
	GlobalSection(SolutionProperties) = preSolution
		HideSolutionNode = FALSE
	EndGlobalSection
	GlobalSection(ExtensibilityGlobals) = postSolution
		SolutionGuid = {4B9883A2-FAB6-4859-9AF7-2C6E027B5103}
	EndGlobalSection
EndGlobal
